
Microsoft Visual Studio Solution File, Format Version 12.00
# Visual Studio Version 17
VisualStudioVersion = 17.6.33829.357
MinimumVisualStudioVersion = 10.0.40219.1
Project("{8BC9CEB8-8B4A-11D0-8D11-00A0C91BC942}") = "VectorProblemNo4", "VectorProblemNo4\VectorProblemNo4.vcxproj", "{A184BDD4-B026-4D63-89C1-34A5DFFA1F7E}"
EndProject
Global
	GlobalSection(SolutionConfigurationPlatforms) = preSolution
		Debug|x64 = Debug|x64
		Debug|x86 = Debug|x86
		Release|x64 = Release|x64
		Release|x86 = Release|x86
	EndGlobalSection
	GlobalSection(ProjectConfigurationPlatforms) = postSolution
		{A184BDD4-B026-4D63-89C1-34A5DFFA1F7E}.Debug|x64.ActiveCfg = Debug|x64
		{A184BDD4-B026-4D63-89C1-34A5DFFA1F7E}.Debug|x64.Build.0 = Debug|x64
		{A184BDD4-B026-4D63-89C1-34A5DFFA1F7E}.Debug|x86.ActiveCfg = Debug|Win32
		{A184BDD4-B026-4D63-89C1-34A5DFFA1F7E}.Debug|x86.Build.0 = Debug|Win32
		{A184BDD4-B026-4D63-89C1-34A5DFFA1F7E}.Release|x64.ActiveCfg = Release|x64
		{A184BDD4-B026-4D63-89C1-34A5DFFA1F7E}.Release|x64.Build.0 = Release|x64
		{A184BDD4-B026-4D63-89C1-34A5DFFA1F7E}.Release|x86.ActiveCfg = Release|Win32
		{A184BDD4-B026-4D63-89C1-34A5DFFA1F7E}.Release|x86.Build.0 = Release|Win32
	EndGlobalSection
	GlobalSection(SolutionProperties) = preSolution
		HideSolutionNode = FALSE
	EndGlobalSection
	GlobalSection(ExtensibilityGlobals) = postSolution
		SolutionGuid = {D513919B-5502-4FE2-8C3F-09581160E282}
	EndGlobalSection
EndGlobal
